// !$*UTF8*$!
{
	archiveVersion = 1;
	classes = {
	};
	objectVersion = 46;
	objects = {

/* Begin PBXBuildFile section */
		DD1EA6381E0CA41D0034C54B /* AppDelegate.swift in Sources */ = {isa = PBXBuildFile; fileRef = DD1EA6371E0CA41D0034C54B /* AppDelegate.swift */; };
		DD1EA63D1E0CA41D0034C54B /* Main.storyboard in Resources */ = {isa = PBXBuildFile; fileRef = DD1EA63B1E0CA41D0034C54B /* Main.storyboard */; };
		DD1EA6421E0CA41D0034C54B /* Assets.xcassets in Resources */ = {isa = PBXBuildFile; fileRef = DD1EA6411E0CA41D0034C54B /* Assets.xcassets */; };
		DD1EA6451E0CA41D0034C54B /* LaunchScreen.storyboard in Resources */ = {isa = PBXBuildFile; fileRef = DD1EA6431E0CA41D0034C54B /* LaunchScreen.storyboard */; };
		DD1EA64D1E0CA5220034C54B /* Constants.swift in Sources */ = {isa = PBXBuildFile; fileRef = DD1EA64C1E0CA5220034C54B /* Constants.swift */; };
		DD1EA64F1E0CAEFF0034C54B /* LoginViewController.swift in Sources */ = {isa = PBXBuildFile; fileRef = DD1EA64E1E0CAEFF0034C54B /* LoginViewController.swift */; };
		DD1EA6511E0CAFEB0034C54B /* ForgotPasswordViewController.swift in Sources */ = {isa = PBXBuildFile; fileRef = DD1EA6501E0CAFEB0034C54B /* ForgotPasswordViewController.swift */; };
		DD2C38A31E3D7CD000A7C709 /* Lato-Bold.ttf in Resources */ = {isa = PBXBuildFile; fileRef = DD2C38A21E3D7CD000A7C709 /* Lato-Bold.ttf */; };
		DD48537F1E196C4200BEAC02 /* Produce.swift in Sources */ = {isa = PBXBuildFile; fileRef = DD48537E1E196C4200BEAC02 /* Produce.swift */; };
		DD4853831E197CB500BEAC02 /* Condiments.swift in Sources */ = {isa = PBXBuildFile; fileRef = DD4853821E197CB500BEAC02 /* Condiments.swift */; };
		DD48539D1E198CCF00BEAC02 /* NoodlesGrainsSides.swift in Sources */ = {isa = PBXBuildFile; fileRef = DD48539C1E198CCF00BEAC02 /* NoodlesGrainsSides.swift */; };
		DD4853A11E19920E00BEAC02 /* Dairy.swift in Sources */ = {isa = PBXBuildFile; fileRef = DD4853A01E19920E00BEAC02 /* Dairy.swift */; };
		DD4853A31E19938700BEAC02 /* Beverages.swift in Sources */ = {isa = PBXBuildFile; fileRef = DD4853A21E19938700BEAC02 /* Beverages.swift */; };
		DD4853A91E199F7400BEAC02 /* Household.swift in Sources */ = {isa = PBXBuildFile; fileRef = DD4853A81E199F7400BEAC02 /* Household.swift */; };
		DD4853AB1E199F8300BEAC02 /* HealthAndPersonal.swift in Sources */ = {isa = PBXBuildFile; fileRef = DD4853AA1E199F8300BEAC02 /* HealthAndPersonal.swift */; };
		DD4853AF1E199F9D00BEAC02 /* FrozenFoods.swift in Sources */ = {isa = PBXBuildFile; fileRef = DD4853AE1E199F9D00BEAC02 /* FrozenFoods.swift */; };
		DD4853B11E199FA600BEAC02 /* Bakery.swift in Sources */ = {isa = PBXBuildFile; fileRef = DD4853B01E199FA600BEAC02 /* Bakery.swift */; };
		DD4853B31E199FB700BEAC02 /* AlcoholicBeverages.swift in Sources */ = {isa = PBXBuildFile; fileRef = DD4853B21E199FB700BEAC02 /* AlcoholicBeverages.swift */; };
		DD4853B51E199FC000BEAC02 /* Meat.swift in Sources */ = {isa = PBXBuildFile; fileRef = DD4853B41E199FC000BEAC02 /* Meat.swift */; };
		DD4853B91E199FD600BEAC02 /* Deli.swift in Sources */ = {isa = PBXBuildFile; fileRef = DD4853B81E199FD600BEAC02 /* Deli.swift */; };
		DD4853BB1E199FEB00BEAC02 /* CookingAndBaking.swift in Sources */ = {isa = PBXBuildFile; fileRef = DD4853BA1E199FEB00BEAC02 /* CookingAndBaking.swift */; };
		DD4853BF1E19A00900BEAC02 /* Other.swift in Sources */ = {isa = PBXBuildFile; fileRef = DD4853BE1E19A00900BEAC02 /* Other.swift */; };
		DD4853C71E19AF0000BEAC02 /* PackagedFoods.swift in Sources */ = {isa = PBXBuildFile; fileRef = DD4853C61E19AF0000BEAC02 /* PackagedFoods.swift */; };
		DD5D7DC91E329BA300C2317D /* MainViewController.swift in Sources */ = {isa = PBXBuildFile; fileRef = DD5D7DC81E329BA300C2317D /* MainViewController.swift */; };
		DD75B7B11E3D545D002053E5 /* Montserrat-Bold.otf in Resources */ = {isa = PBXBuildFile; fileRef = DD75B7AF1E3D545D002053E5 /* Montserrat-Bold.otf */; };
		DD75B7B21E3D545D002053E5 /* Montserrat-Regular.otf in Resources */ = {isa = PBXBuildFile; fileRef = DD75B7B01E3D545D002053E5 /* Montserrat-Regular.otf */; };
		DD75B7B41E3D5466002053E5 /* Montserrat-SemiBold.otf in Resources */ = {isa = PBXBuildFile; fileRef = DD75B7B31E3D5466002053E5 /* Montserrat-SemiBold.otf */; };
		DD75B7B61E3D5529002053E5 /* Lato-Regular.ttf in Resources */ = {isa = PBXBuildFile; fileRef = DD75B7B51E3D5529002053E5 /* Lato-Regular.ttf */; };
		DD75B7B81E3D5536002053E5 /* Lato-Semibold.ttf in Resources */ = {isa = PBXBuildFile; fileRef = DD75B7B71E3D5536002053E5 /* Lato-Semibold.ttf */; };
		DD75B7BA1E3D7A93002053E5 /* Montserrat-Light.otf in Resources */ = {isa = PBXBuildFile; fileRef = DD75B7B91E3D7A93002053E5 /* Montserrat-Light.otf */; };
		DDC3E9801E1C76E100459295 /* SearchVC.swift in Sources */ = {isa = PBXBuildFile; fileRef = DDC3E97F1E1C76E100459295 /* SearchVC.swift */; };
		DDC3E9821E1C93F400459295 /* DataStore.swift in Sources */ = {isa = PBXBuildFile; fileRef = DDC3E9811E1C93F400459295 /* DataStore.swift */; };
		DDC3E9871E1C957000459295 /* ShoppingListViewController.swift in Sources */ = {isa = PBXBuildFile; fileRef = DDC3E9861E1C957000459295 /* ShoppingListViewController.swift */; };
		DDC3E9891E1C957E00459295 /* FavoritesViewController.swift in Sources */ = {isa = PBXBuildFile; fileRef = DDC3E9881E1C957E00459295 /* FavoritesViewController.swift */; };
		DDC3E98B1E1C958A00459295 /* SettingsViewController.swift in Sources */ = {isa = PBXBuildFile; fileRef = DDC3E98A1E1C958A00459295 /* SettingsViewController.swift */; };
		DDC3E98D1E1CB86200459295 /* ShoppingListDetailVC.swift in Sources */ = {isa = PBXBuildFile; fileRef = DDC3E98C1E1CB86100459295 /* ShoppingListDetailVC.swift */; };
		DDC3E98F1E1CB87C00459295 /* AddListVC.swift in Sources */ = {isa = PBXBuildFile; fileRef = DDC3E98E1E1CB87C00459295 /* AddListVC.swift */; };
		DDC3E9D11E20580B00459295 /* AddItemVC.swift in Sources */ = {isa = PBXBuildFile; fileRef = DDC3E9D01E20580B00459295 /* AddItemVC.swift */; };
		DDC3EB9E1E2DBC3900459295 /* AddItemsVC.swift in Sources */ = {isa = PBXBuildFile; fileRef = DDC3EB9D1E2DBC3900459295 /* AddItemsVC.swift */; };
		DDC3EBA01E31365B00459295 /* Category.swift in Sources */ = {isa = PBXBuildFile; fileRef = DDC3EB9F1E31365B00459295 /* Category.swift */; };
		DDC3EBA21E31450100459295 /* StockItem.swift in Sources */ = {isa = PBXBuildFile; fileRef = DDC3EBA11E31450100459295 /* StockItem.swift */; };
		DDC3EBA41E31451000459295 /* ShoppingItem.swift in Sources */ = {isa = PBXBuildFile; fileRef = DDC3EBA31E31451000459295 /* ShoppingItem.swift */; };
		DDC3EBA61E3146D500459295 /* Location.swift in Sources */ = {isa = PBXBuildFile; fileRef = DDC3EBA51E3146D500459295 /* Location.swift */; };
		DDD7D47A1E403E7200599382 /* AddFavoriteVC.swift in Sources */ = {isa = PBXBuildFile; fileRef = DDD7D4791E403E7100599382 /* AddFavoriteVC.swift */; };
		DDD7D47C1E403FFE00599382 /* Favorites.swift in Sources */ = {isa = PBXBuildFile; fileRef = DDD7D47B1E403FFE00599382 /* Favorites.swift */; };
		DDE189A91E354A9A00306449 /* Extensions.swift in Sources */ = {isa = PBXBuildFile; fileRef = DDE189A81E354A9A00306449 /* Extensions.swift */; };
		EEB43B8163D4806DB7C3C1BC /* Pods_Keep.framework in Frameworks */ = {isa = PBXBuildFile; fileRef = A6BA35316A371A06E84DEF20 /* Pods_Keep.framework */; };
/* End PBXBuildFile section */

/* Begin PBXFileReference section */
		4E019349C32B54A0147D1EA6 /* Pods-Keep.debug.xcconfig */ = {isa = PBXFileReference; includeInIndex = 1; lastKnownFileType = text.xcconfig; name = "Pods-Keep.debug.xcconfig"; path = "Pods/Target Support Files/Pods-Keep/Pods-Keep.debug.xcconfig"; sourceTree = "<group>"; };
		A6BA35316A371A06E84DEF20 /* Pods_Keep.framework */ = {isa = PBXFileReference; explicitFileType = wrapper.framework; includeInIndex = 0; path = Pods_Keep.framework; sourceTree = BUILT_PRODUCTS_DIR; };
		DD1EA6341E0CA41D0034C54B /* Keep.app */ = {isa = PBXFileReference; explicitFileType = wrapper.application; includeInIndex = 0; path = Keep.app; sourceTree = BUILT_PRODUCTS_DIR; };
		DD1EA6371E0CA41D0034C54B /* AppDelegate.swift */ = {isa = PBXFileReference; lastKnownFileType = sourcecode.swift; path = AppDelegate.swift; sourceTree = "<group>"; };
		DD1EA63C1E0CA41D0034C54B /* Base */ = {isa = PBXFileReference; lastKnownFileType = file.storyboard; name = Base; path = Base.lproj/Main.storyboard; sourceTree = "<group>"; };
		DD1EA6411E0CA41D0034C54B /* Assets.xcassets */ = {isa = PBXFileReference; lastKnownFileType = folder.assetcatalog; path = Assets.xcassets; sourceTree = "<group>"; };
		DD1EA6441E0CA41D0034C54B /* Base */ = {isa = PBXFileReference; lastKnownFileType = file.storyboard; name = Base; path = Base.lproj/LaunchScreen.storyboard; sourceTree = "<group>"; };
		DD1EA6461E0CA41D0034C54B /* Info.plist */ = {isa = PBXFileReference; lastKnownFileType = text.plist.xml; path = Info.plist; sourceTree = "<group>"; };
		DD1EA64C1E0CA5220034C54B /* Constants.swift */ = {isa = PBXFileReference; fileEncoding = 4; lastKnownFileType = sourcecode.swift; path = Constants.swift; sourceTree = "<group>"; };
		DD1EA64E1E0CAEFF0034C54B /* LoginViewController.swift */ = {isa = PBXFileReference; fileEncoding = 4; lastKnownFileType = sourcecode.swift; path = LoginViewController.swift; sourceTree = "<group>"; };
		DD1EA6501E0CAFEB0034C54B /* ForgotPasswordViewController.swift */ = {isa = PBXFileReference; fileEncoding = 4; lastKnownFileType = sourcecode.swift; path = ForgotPasswordViewController.swift; sourceTree = "<group>"; };
		DD2C38A21E3D7CD000A7C709 /* Lato-Bold.ttf */ = {isa = PBXFileReference; lastKnownFileType = file; path = "Lato-Bold.ttf"; sourceTree = "<group>"; };
		DD48537E1E196C4200BEAC02 /* Produce.swift */ = {isa = PBXFileReference; fileEncoding = 4; lastKnownFileType = sourcecode.swift; path = Produce.swift; sourceTree = "<group>"; };
		DD4853821E197CB500BEAC02 /* Condiments.swift */ = {isa = PBXFileReference; fileEncoding = 4; lastKnownFileType = sourcecode.swift; path = Condiments.swift; sourceTree = "<group>"; };
		DD48539C1E198CCF00BEAC02 /* NoodlesGrainsSides.swift */ = {isa = PBXFileReference; fileEncoding = 4; lastKnownFileType = sourcecode.swift; path = NoodlesGrainsSides.swift; sourceTree = "<group>"; };
		DD4853A01E19920E00BEAC02 /* Dairy.swift */ = {isa = PBXFileReference; fileEncoding = 4; lastKnownFileType = sourcecode.swift; path = Dairy.swift; sourceTree = "<group>"; };
		DD4853A21E19938700BEAC02 /* Beverages.swift */ = {isa = PBXFileReference; fileEncoding = 4; lastKnownFileType = sourcecode.swift; path = Beverages.swift; sourceTree = "<group>"; };
		DD4853A81E199F7400BEAC02 /* Household.swift */ = {isa = PBXFileReference; fileEncoding = 4; lastKnownFileType = sourcecode.swift; path = Household.swift; sourceTree = "<group>"; };
		DD4853AA1E199F8300BEAC02 /* HealthAndPersonal.swift */ = {isa = PBXFileReference; fileEncoding = 4; lastKnownFileType = sourcecode.swift; path = HealthAndPersonal.swift; sourceTree = "<group>"; };
		DD4853AE1E199F9D00BEAC02 /* FrozenFoods.swift */ = {isa = PBXFileReference; fileEncoding = 4; lastKnownFileType = sourcecode.swift; path = FrozenFoods.swift; sourceTree = "<group>"; };
		DD4853B01E199FA600BEAC02 /* Bakery.swift */ = {isa = PBXFileReference; fileEncoding = 4; lastKnownFileType = sourcecode.swift; path = Bakery.swift; sourceTree = "<group>"; };
		DD4853B21E199FB700BEAC02 /* AlcoholicBeverages.swift */ = {isa = PBXFileReference; fileEncoding = 4; lastKnownFileType = sourcecode.swift; path = AlcoholicBeverages.swift; sourceTree = "<group>"; };
		DD4853B41E199FC000BEAC02 /* Meat.swift */ = {isa = PBXFileReference; fileEncoding = 4; lastKnownFileType = sourcecode.swift; path = Meat.swift; sourceTree = "<group>"; };
		DD4853B81E199FD600BEAC02 /* Deli.swift */ = {isa = PBXFileReference; fileEncoding = 4; lastKnownFileType = sourcecode.swift; path = Deli.swift; sourceTree = "<group>"; };
		DD4853BA1E199FEB00BEAC02 /* CookingAndBaking.swift */ = {isa = PBXFileReference; fileEncoding = 4; lastKnownFileType = sourcecode.swift; path = CookingAndBaking.swift; sourceTree = "<group>"; };
		DD4853BE1E19A00900BEAC02 /* Other.swift */ = {isa = PBXFileReference; fileEncoding = 4; lastKnownFileType = sourcecode.swift; path = Other.swift; sourceTree = "<group>"; };
		DD4853C61E19AF0000BEAC02 /* PackagedFoods.swift */ = {isa = PBXFileReference; fileEncoding = 4; lastKnownFileType = sourcecode.swift; path = PackagedFoods.swift; sourceTree = "<group>"; };
		DD5D7DC81E329BA300C2317D /* MainViewController.swift */ = {isa = PBXFileReference; fileEncoding = 4; lastKnownFileType = sourcecode.swift; path = MainViewController.swift; sourceTree = "<group>"; };
		DD75B7AF1E3D545D002053E5 /* Montserrat-Bold.otf */ = {isa = PBXFileReference; lastKnownFileType = file; path = "Montserrat-Bold.otf"; sourceTree = "<group>"; };
		DD75B7B01E3D545D002053E5 /* Montserrat-Regular.otf */ = {isa = PBXFileReference; lastKnownFileType = file; path = "Montserrat-Regular.otf"; sourceTree = "<group>"; };
		DD75B7B31E3D5466002053E5 /* Montserrat-SemiBold.otf */ = {isa = PBXFileReference; lastKnownFileType = file; path = "Montserrat-SemiBold.otf"; sourceTree = "<group>"; };
		DD75B7B51E3D5529002053E5 /* Lato-Regular.ttf */ = {isa = PBXFileReference; lastKnownFileType = file; path = "Lato-Regular.ttf"; sourceTree = "<group>"; };
		DD75B7B71E3D5536002053E5 /* Lato-Semibold.ttf */ = {isa = PBXFileReference; lastKnownFileType = file; path = "Lato-Semibold.ttf"; sourceTree = "<group>"; };
		DD75B7B91E3D7A93002053E5 /* Montserrat-Light.otf */ = {isa = PBXFileReference; lastKnownFileType = file; path = "Montserrat-Light.otf"; sourceTree = "<group>"; };
		DDC3E97F1E1C76E100459295 /* SearchVC.swift */ = {isa = PBXFileReference; fileEncoding = 4; lastKnownFileType = sourcecode.swift; path = SearchVC.swift; sourceTree = "<group>"; };
		DDC3E9811E1C93F400459295 /* DataStore.swift */ = {isa = PBXFileReference; fileEncoding = 4; lastKnownFileType = sourcecode.swift; path = DataStore.swift; sourceTree = "<group>"; };
		DDC3E9861E1C957000459295 /* ShoppingListViewController.swift */ = {isa = PBXFileReference; fileEncoding = 4; lastKnownFileType = sourcecode.swift; path = ShoppingListViewController.swift; sourceTree = "<group>"; };
		DDC3E9881E1C957E00459295 /* FavoritesViewController.swift */ = {isa = PBXFileReference; fileEncoding = 4; lastKnownFileType = sourcecode.swift; path = FavoritesViewController.swift; sourceTree = "<group>"; };
		DDC3E98A1E1C958A00459295 /* SettingsViewController.swift */ = {isa = PBXFileReference; fileEncoding = 4; lastKnownFileType = sourcecode.swift; path = SettingsViewController.swift; sourceTree = "<group>"; };
		DDC3E98C1E1CB86100459295 /* ShoppingListDetailVC.swift */ = {isa = PBXFileReference; fileEncoding = 4; lastKnownFileType = sourcecode.swift; path = ShoppingListDetailVC.swift; sourceTree = "<group>"; };
		DDC3E98E1E1CB87C00459295 /* AddListVC.swift */ = {isa = PBXFileReference; fileEncoding = 4; lastKnownFileType = sourcecode.swift; path = AddListVC.swift; sourceTree = "<group>"; };
		DDC3E9D01E20580B00459295 /* AddItemVC.swift */ = {isa = PBXFileReference; fileEncoding = 4; lastKnownFileType = sourcecode.swift; path = AddItemVC.swift; sourceTree = "<group>"; };
		DDC3EB9D1E2DBC3900459295 /* AddItemsVC.swift */ = {isa = PBXFileReference; fileEncoding = 4; lastKnownFileType = sourcecode.swift; path = AddItemsVC.swift; sourceTree = "<group>"; };
		DDC3EB9F1E31365B00459295 /* Category.swift */ = {isa = PBXFileReference; fileEncoding = 4; lastKnownFileType = sourcecode.swift; path = Category.swift; sourceTree = "<group>"; };
		DDC3EBA11E31450100459295 /* StockItem.swift */ = {isa = PBXFileReference; fileEncoding = 4; lastKnownFileType = sourcecode.swift; path = StockItem.swift; sourceTree = "<group>"; };
		DDC3EBA31E31451000459295 /* ShoppingItem.swift */ = {isa = PBXFileReference; fileEncoding = 4; lastKnownFileType = sourcecode.swift; path = ShoppingItem.swift; sourceTree = "<group>"; };
		DDC3EBA51E3146D500459295 /* Location.swift */ = {isa = PBXFileReference; fileEncoding = 4; lastKnownFileType = sourcecode.swift; path = Location.swift; sourceTree = "<group>"; };
		DDD7D4791E403E7100599382 /* AddFavoriteVC.swift */ = {isa = PBXFileReference; fileEncoding = 4; lastKnownFileType = sourcecode.swift; path = AddFavoriteVC.swift; sourceTree = "<group>"; };
		DDD7D47B1E403FFE00599382 /* Favorites.swift */ = {isa = PBXFileReference; fileEncoding = 4; lastKnownFileType = sourcecode.swift; path = Favorites.swift; sourceTree = "<group>"; };
		DDE189A81E354A9A00306449 /* Extensions.swift */ = {isa = PBXFileReference; fileEncoding = 4; lastKnownFileType = sourcecode.swift; path = Extensions.swift; sourceTree = "<group>"; };
		F17A8080E837D95CDFD38B65 /* Pods-Keep.release.xcconfig */ = {isa = PBXFileReference; includeInIndex = 1; lastKnownFileType = text.xcconfig; name = "Pods-Keep.release.xcconfig"; path = "Pods/Target Support Files/Pods-Keep/Pods-Keep.release.xcconfig"; sourceTree = "<group>"; };
/* End PBXFileReference section */

/* Begin PBXFrameworksBuildPhase section */
		DD1EA6311E0CA41D0034C54B /* Frameworks */ = {
			isa = PBXFrameworksBuildPhase;
			buildActionMask = 2147483647;
			files = (
				EEB43B8163D4806DB7C3C1BC /* Pods_Keep.framework in Frameworks */,
			);
			runOnlyForDeploymentPostprocessing = 0;
		};
/* End PBXFrameworksBuildPhase section */

/* Begin PBXGroup section */
		86D9C18FBCDF483B6AF1B24D /* Frameworks */ = {
			isa = PBXGroup;
			children = (
				A6BA35316A371A06E84DEF20 /* Pods_Keep.framework */,
			);
			name = Frameworks;
			sourceTree = "<group>";
		};
		D172EE28FA2053B384BD78CA /* Pods */ = {
			isa = PBXGroup;
			children = (
				4E019349C32B54A0147D1EA6 /* Pods-Keep.debug.xcconfig */,
				F17A8080E837D95CDFD38B65 /* Pods-Keep.release.xcconfig */,
			);
			name = Pods;
			sourceTree = "<group>";
		};
		DD1EA62B1E0CA41D0034C54B = {
			isa = PBXGroup;
			children = (
				DD1EA6361E0CA41D0034C54B /* Keep */,
				DD4853A41E199DFB00BEAC02 /* Supporting Files */,
				DD1EA6351E0CA41D0034C54B /* Products */,
				D172EE28FA2053B384BD78CA /* Pods */,
				86D9C18FBCDF483B6AF1B24D /* Frameworks */,
			);
			sourceTree = "<group>";
		};
		DD1EA6351E0CA41D0034C54B /* Products */ = {
			isa = PBXGroup;
			children = (
				DD1EA6341E0CA41D0034C54B /* Keep.app */,
			);
			name = Products;
			sourceTree = "<group>";
		};
		DD1EA6361E0CA41D0034C54B /* Keep */ = {
			isa = PBXGroup;
			children = (
				DD75B7AA1E3D52EF002053E5 /* Fonts */,
				DDE189A71E354A8800306449 /* Helpers */,
				DD48537D1E196C0400BEAC02 /* Controller */,
				DD48537C1E196BF900BEAC02 /* View */,
				DD48537B1E196BF400BEAC02 /* Model */,
			);
			path = Keep;
			sourceTree = "<group>";
		};
		DD48537B1E196BF400BEAC02 /* Model */ = {
			isa = PBXGroup;
			children = (
				DD4853A71E199F3600BEAC02 /* DataModel */,
				DD4853A61E199F2400BEAC02 /* Constants */,
				DD4853A51E199F0B00BEAC02 /* Categories */,
				DDC3EB9F1E31365B00459295 /* Category.swift */,
				DDC3EBA11E31450100459295 /* StockItem.swift */,
				DDC3EBA31E31451000459295 /* ShoppingItem.swift */,
				DDC3EBA51E3146D500459295 /* Location.swift */,
				DDD7D47B1E403FFE00599382 /* Favorites.swift */,
			);
			name = Model;
			sourceTree = "<group>";
		};
		DD48537C1E196BF900BEAC02 /* View */ = {
			isa = PBXGroup;
			children = (
				DD1EA63B1E0CA41D0034C54B /* Main.storyboard */,
			);
			name = View;
			sourceTree = "<group>";
		};
		DD48537D1E196C0400BEAC02 /* Controller */ = {
			isa = PBXGroup;
			children = (
				DD7B762E1E1B3389001DE6E8 /* Login */,
				DD7B762D1E1B336C001DE6E8 /* Stock */,
				DDC3E9831E1C953F00459295 /* Shopping List */,
				DDC3E9851E1C954E00459295 /* Settings */,
				DDC3E9841E1C954800459295 /* Favorites */,
			);
			name = Controller;
			sourceTree = "<group>";
		};
		DD4853A41E199DFB00BEAC02 /* Supporting Files */ = {
			isa = PBXGroup;
			children = (
				DD1EA6371E0CA41D0034C54B /* AppDelegate.swift */,
				DD1EA6431E0CA41D0034C54B /* LaunchScreen.storyboard */,
				DD1EA6461E0CA41D0034C54B /* Info.plist */,
				DD1EA6411E0CA41D0034C54B /* Assets.xcassets */,
			);
			name = "Supporting Files";
			path = Keep;
			sourceTree = "<group>";
		};
		DD4853A51E199F0B00BEAC02 /* Categories */ = {
			isa = PBXGroup;
			children = (
				DD4853B21E199FB700BEAC02 /* AlcoholicBeverages.swift */,
				DD4853B01E199FA600BEAC02 /* Bakery.swift */,
				DD4853A21E19938700BEAC02 /* Beverages.swift */,
				DD4853821E197CB500BEAC02 /* Condiments.swift */,
				DD4853BA1E199FEB00BEAC02 /* CookingAndBaking.swift */,
				DD4853A01E19920E00BEAC02 /* Dairy.swift */,
				DD4853B81E199FD600BEAC02 /* Deli.swift */,
				DD48539C1E198CCF00BEAC02 /* NoodlesGrainsSides.swift */,
				DD48537E1E196C4200BEAC02 /* Produce.swift */,
				DD4853A81E199F7400BEAC02 /* Household.swift */,
				DD4853AA1E199F8300BEAC02 /* HealthAndPersonal.swift */,
				DD4853AE1E199F9D00BEAC02 /* FrozenFoods.swift */,
				DD4853B41E199FC000BEAC02 /* Meat.swift */,
				DD4853BE1E19A00900BEAC02 /* Other.swift */,
				DD4853C61E19AF0000BEAC02 /* PackagedFoods.swift */,
			);
			name = Categories;
			sourceTree = "<group>";
		};
		DD4853A61E199F2400BEAC02 /* Constants */ = {
			isa = PBXGroup;
			children = (
				DD1EA64C1E0CA5220034C54B /* Constants.swift */,
			);
			name = Constants;
			sourceTree = "<group>";
		};
		DD4853A71E199F3600BEAC02 /* DataModel */ = {
			isa = PBXGroup;
			children = (
				DDC3E9811E1C93F400459295 /* DataStore.swift */,
			);
			name = DataModel;
			sourceTree = "<group>";
		};
		DD75B7AA1E3D52EF002053E5 /* Fonts */ = {
			isa = PBXGroup;
			children = (
				DD75B7B31E3D5466002053E5 /* Montserrat-SemiBold.otf */,
				DD75B7AF1E3D545D002053E5 /* Montserrat-Bold.otf */,
				DD75B7B01E3D545D002053E5 /* Montserrat-Regular.otf */,
				DD75B7B91E3D7A93002053E5 /* Montserrat-Light.otf */,
				DD75B7B71E3D5536002053E5 /* Lato-Semibold.ttf */,
				DD75B7B51E3D5529002053E5 /* Lato-Regular.ttf */,
				DD2C38A21E3D7CD000A7C709 /* Lato-Bold.ttf */,
			);
			name = Fonts;
			sourceTree = "<group>";
		};
		DD7B762D1E1B336C001DE6E8 /* Stock */ = {
			isa = PBXGroup;
			children = (
				DD5D7DC81E329BA300C2317D /* MainViewController.swift */,
				DDC3E97F1E1C76E100459295 /* SearchVC.swift */,
				DDC3EB9D1E2DBC3900459295 /* AddItemsVC.swift */,
			);
			name = Stock;
			sourceTree = "<group>";
		};
		DD7B762E1E1B3389001DE6E8 /* Login */ = {
			isa = PBXGroup;
			children = (
				DD1EA64E1E0CAEFF0034C54B /* LoginViewController.swift */,
				DD1EA6501E0CAFEB0034C54B /* ForgotPasswordViewController.swift */,
			);
			name = Login;
			sourceTree = "<group>";
		};
		DDC3E9831E1C953F00459295 /* Shopping List */ = {
			isa = PBXGroup;
			children = (
				DDC3E9861E1C957000459295 /* ShoppingListViewController.swift */,
				DDC3E98E1E1CB87C00459295 /* AddListVC.swift */,
				DDC3E98C1E1CB86100459295 /* ShoppingListDetailVC.swift */,
				DDC3E9D01E20580B00459295 /* AddItemVC.swift */,
			);
			name = "Shopping List";
			sourceTree = "<group>";
		};
		DDC3E9841E1C954800459295 /* Favorites */ = {
			isa = PBXGroup;
			children = (
				DDC3E9881E1C957E00459295 /* FavoritesViewController.swift */,
				DDD7D4791E403E7100599382 /* AddFavoriteVC.swift */,
			);
			name = Favorites;
			sourceTree = "<group>";
		};
		DDC3E9851E1C954E00459295 /* Settings */ = {
			isa = PBXGroup;
			children = (
				DDC3E98A1E1C958A00459295 /* SettingsViewController.swift */,
			);
			name = Settings;
			sourceTree = "<group>";
		};
		DDE189A71E354A8800306449 /* Helpers */ = {
			isa = PBXGroup;
			children = (
				DDE189A81E354A9A00306449 /* Extensions.swift */,
			);
			name = Helpers;
			sourceTree = "<group>";
		};
/* End PBXGroup section */

/* Begin PBXNativeTarget section */
		DD1EA6331E0CA41D0034C54B /* Keep */ = {
			isa = PBXNativeTarget;
			buildConfigurationList = DD1EA6491E0CA41D0034C54B /* Build configuration list for PBXNativeTarget "Keep" */;
			buildPhases = (
				0536EB0E78067DB2C46F5A19 /* [CP] Check Pods Manifest.lock */,
				DD1EA6301E0CA41D0034C54B /* Sources */,
				DD1EA6311E0CA41D0034C54B /* Frameworks */,
				DD1EA6321E0CA41D0034C54B /* Resources */,
				E20C4C751D9C80BD746A4F33 /* [CP] Embed Pods Frameworks */,
				90A53CBAA03BA27444AE205E /* [CP] Copy Pods Resources */,
			);
			buildRules = (
			);
			dependencies = (
			);
			name = Keep;
			productName = Keep;
			productReference = DD1EA6341E0CA41D0034C54B /* Keep.app */;
			productType = "com.apple.product-type.application";
		};
/* End PBXNativeTarget section */

/* Begin PBXProject section */
		DD1EA62C1E0CA41D0034C54B /* Project object */ = {
			isa = PBXProject;
			attributes = {
				LastSwiftUpdateCheck = 0820;
				LastUpgradeCheck = 0820;
				ORGANIZATIONNAME = Mimicatcodes;
				TargetAttributes = {
					DD1EA6331E0CA41D0034C54B = {
						CreatedOnToolsVersion = 8.2.1;
						DevelopmentTeam = B5EG3G83GE;
						LastSwiftMigration = 0820;
						ProvisioningStyle = Automatic;
					};
				};
			};
			buildConfigurationList = DD1EA62F1E0CA41D0034C54B /* Build configuration list for PBXProject "Keep" */;
			compatibilityVersion = "Xcode 3.2";
			developmentRegion = English;
			hasScannedForEncodings = 0;
			knownRegions = (
				en,
				Base,
			);
			mainGroup = DD1EA62B1E0CA41D0034C54B;
			productRefGroup = DD1EA6351E0CA41D0034C54B /* Products */;
			projectDirPath = "";
			projectRoot = "";
			targets = (
				DD1EA6331E0CA41D0034C54B /* Keep */,
			);
		};
/* End PBXProject section */

/* Begin PBXResourcesBuildPhase section */
		DD1EA6321E0CA41D0034C54B /* Resources */ = {
			isa = PBXResourcesBuildPhase;
			buildActionMask = 2147483647;
			files = (
				DD1EA6451E0CA41D0034C54B /* LaunchScreen.storyboard in Resources */,
				DD2C38A31E3D7CD000A7C709 /* Lato-Bold.ttf in Resources */,
				DD75B7B81E3D5536002053E5 /* Lato-Semibold.ttf in Resources */,
				DD1EA6421E0CA41D0034C54B /* Assets.xcassets in Resources */,
				DD1EA63D1E0CA41D0034C54B /* Main.storyboard in Resources */,
				DD75B7B41E3D5466002053E5 /* Montserrat-SemiBold.otf in Resources */,
				DD75B7B61E3D5529002053E5 /* Lato-Regular.ttf in Resources */,
				DD75B7B21E3D545D002053E5 /* Montserrat-Regular.otf in Resources */,
				DD75B7B11E3D545D002053E5 /* Montserrat-Bold.otf in Resources */,
				DD75B7BA1E3D7A93002053E5 /* Montserrat-Light.otf in Resources */,
			);
			runOnlyForDeploymentPostprocessing = 0;
		};
/* End PBXResourcesBuildPhase section */

/* Begin PBXShellScriptBuildPhase section */
		0536EB0E78067DB2C46F5A19 /* [CP] Check Pods Manifest.lock */ = {
			isa = PBXShellScriptBuildPhase;
			buildActionMask = 2147483647;
			files = (
			);
			inputPaths = (
			);
			name = "[CP] Check Pods Manifest.lock";
			outputPaths = (
			);
			runOnlyForDeploymentPostprocessing = 0;
			shellPath = /bin/sh;
			shellScript = "diff \"${PODS_ROOT}/../Podfile.lock\" \"${PODS_ROOT}/Manifest.lock\" > /dev/null\nif [[ $? != 0 ]] ; then\n    cat << EOM\nerror: The sandbox is not in sync with the Podfile.lock. Run 'pod install' or update your CocoaPods installation.\nEOM\n    exit 1\nfi\n";
			showEnvVarsInLog = 0;
		};
		90A53CBAA03BA27444AE205E /* [CP] Copy Pods Resources */ = {
			isa = PBXShellScriptBuildPhase;
			buildActionMask = 2147483647;
			files = (
			);
			inputPaths = (
			);
			name = "[CP] Copy Pods Resources";
			outputPaths = (
			);
			runOnlyForDeploymentPostprocessing = 0;
			shellPath = /bin/sh;
			shellScript = "\"${SRCROOT}/Pods/Target Support Files/Pods-Keep/Pods-Keep-resources.sh\"\n";
			showEnvVarsInLog = 0;
		};
		E20C4C751D9C80BD746A4F33 /* [CP] Embed Pods Frameworks */ = {
			isa = PBXShellScriptBuildPhase;
			buildActionMask = 2147483647;
			files = (
			);
			inputPaths = (
			);
			name = "[CP] Embed Pods Frameworks";
			outputPaths = (
			);
			runOnlyForDeploymentPostprocessing = 0;
			shellPath = /bin/sh;
			shellScript = "\"${SRCROOT}/Pods/Target Support Files/Pods-Keep/Pods-Keep-frameworks.sh\"\n";
			showEnvVarsInLog = 0;
		};
/* End PBXShellScriptBuildPhase section */

/* Begin PBXSourcesBuildPhase section */
		DD1EA6301E0CA41D0034C54B /* Sources */ = {
			isa = PBXSourcesBuildPhase;
			buildActionMask = 2147483647;
			files = (
				DDC3E98D1E1CB86200459295 /* ShoppingListDetailVC.swift in Sources */,
				DD1EA6511E0CAFEB0034C54B /* ForgotPasswordViewController.swift in Sources */,
				DD4853AF1E199F9D00BEAC02 /* FrozenFoods.swift in Sources */,
				DDC3EBA01E31365B00459295 /* Category.swift in Sources */,
				DDD7D47A1E403E7200599382 /* AddFavoriteVC.swift in Sources */,
				DD4853A91E199F7400BEAC02 /* Household.swift in Sources */,
				DD4853A11E19920E00BEAC02 /* Dairy.swift in Sources */,
				DD1EA6381E0CA41D0034C54B /* AppDelegate.swift in Sources */,
				DD1EA64F1E0CAEFF0034C54B /* LoginViewController.swift in Sources */,
				DDC3E9891E1C957E00459295 /* FavoritesViewController.swift in Sources */,
				DDC3E9D11E20580B00459295 /* AddItemVC.swift in Sources */,
				DDC3E9801E1C76E100459295 /* SearchVC.swift in Sources */,
				DDC3E98F1E1CB87C00459295 /* AddListVC.swift in Sources */,
				DD4853BF1E19A00900BEAC02 /* Other.swift in Sources */,
				DDC3EBA21E31450100459295 /* StockItem.swift in Sources */,
				DDC3E9871E1C957000459295 /* ShoppingListViewController.swift in Sources */,
				DDC3EBA61E3146D500459295 /* Location.swift in Sources */,
				DD4853BB1E199FEB00BEAC02 /* CookingAndBaking.swift in Sources */,
				DDC3EB9E1E2DBC3900459295 /* AddItemsVC.swift in Sources */,
				DDE189A91E354A9A00306449 /* Extensions.swift in Sources */,
				DD4853B31E199FB700BEAC02 /* AlcoholicBeverages.swift in Sources */,
				DDC3E9821E1C93F400459295 /* DataStore.swift in Sources */,
				DD48539D1E198CCF00BEAC02 /* NoodlesGrainsSides.swift in Sources */,
				DD1EA64D1E0CA5220034C54B /* Constants.swift in Sources */,
				DDD7D47C1E403FFE00599382 /* Favorites.swift in Sources */,
				DDC3E98B1E1C958A00459295 /* SettingsViewController.swift in Sources */,
				DD4853B51E199FC000BEAC02 /* Meat.swift in Sources */,
				DD48537F1E196C4200BEAC02 /* Produce.swift in Sources */,
				DD4853831E197CB500BEAC02 /* Condiments.swift in Sources */,
				DDC3EBA41E31451000459295 /* ShoppingItem.swift in Sources */,
				DD4853A31E19938700BEAC02 /* Beverages.swift in Sources */,
				DD4853B11E199FA600BEAC02 /* Bakery.swift in Sources */,
				DD4853AB1E199F8300BEAC02 /* HealthAndPersonal.swift in Sources */,
				DD4853B91E199FD600BEAC02 /* Deli.swift in Sources */,
				DD4853C71E19AF0000BEAC02 /* PackagedFoods.swift in Sources */,
				DD5D7DC91E329BA300C2317D /* MainViewController.swift in Sources */,
			);
			runOnlyForDeploymentPostprocessing = 0;
		};
/* End PBXSourcesBuildPhase section */

/* Begin PBXVariantGroup section */
		DD1EA63B1E0CA41D0034C54B /* Main.storyboard */ = {
			isa = PBXVariantGroup;
			children = (
				DD1EA63C1E0CA41D0034C54B /* Base */,
			);
			name = Main.storyboard;
			sourceTree = "<group>";
		};
		DD1EA6431E0CA41D0034C54B /* LaunchScreen.storyboard */ = {
			isa = PBXVariantGroup;
			children = (
				DD1EA6441E0CA41D0034C54B /* Base */,
			);
			name = LaunchScreen.storyboard;
			sourceTree = "<group>";
		};
/* End PBXVariantGroup section */

/* Begin XCBuildConfiguration section */
		DD1EA6471E0CA41D0034C54B /* Debug */ = {
			isa = XCBuildConfiguration;
			buildSettings = {
				ALWAYS_SEARCH_USER_PATHS = NO;
				CLANG_ANALYZER_NONNULL = YES;
				CLANG_CXX_LANGUAGE_STANDARD = "gnu++0x";
				CLANG_CXX_LIBRARY = "libc++";
				CLANG_ENABLE_MODULES = YES;
				CLANG_ENABLE_OBJC_ARC = YES;
				CLANG_WARN_BOOL_CONVERSION = YES;
				CLANG_WARN_CONSTANT_CONVERSION = YES;
				CLANG_WARN_DIRECT_OBJC_ISA_USAGE = YES_ERROR;
				CLANG_WARN_DOCUMENTATION_COMMENTS = YES;
				CLANG_WARN_EMPTY_BODY = YES;
				CLANG_WARN_ENUM_CONVERSION = YES;
				CLANG_WARN_INFINITE_RECURSION = YES;
				CLANG_WARN_INT_CONVERSION = YES;
				CLANG_WARN_OBJC_ROOT_CLASS = YES_ERROR;
				CLANG_WARN_SUSPICIOUS_MOVE = YES;
				CLANG_WARN_UNREACHABLE_CODE = YES;
				CLANG_WARN__DUPLICATE_METHOD_MATCH = YES;
				"CODE_SIGN_IDENTITY[sdk=iphoneos*]" = "iPhone Developer";
				COPY_PHASE_STRIP = NO;
				DEBUG_INFORMATION_FORMAT = dwarf;
				ENABLE_STRICT_OBJC_MSGSEND = YES;
				ENABLE_TESTABILITY = YES;
				GCC_C_LANGUAGE_STANDARD = gnu99;
				GCC_DYNAMIC_NO_PIC = NO;
				GCC_NO_COMMON_BLOCKS = YES;
				GCC_OPTIMIZATION_LEVEL = 0;
				GCC_PREPROCESSOR_DEFINITIONS = (
					"DEBUG=1",
					"$(inherited)",
				);
				GCC_WARN_64_TO_32_BIT_CONVERSION = YES;
				GCC_WARN_ABOUT_RETURN_TYPE = YES_ERROR;
				GCC_WARN_UNDECLARED_SELECTOR = YES;
				GCC_WARN_UNINITIALIZED_AUTOS = YES_AGGRESSIVE;
				GCC_WARN_UNUSED_FUNCTION = YES;
				GCC_WARN_UNUSED_VARIABLE = YES;
				IPHONEOS_DEPLOYMENT_TARGET = 10.2;
				MTL_ENABLE_DEBUG_INFO = YES;
				ONLY_ACTIVE_ARCH = YES;
				SDKROOT = iphoneos;
				SWIFT_ACTIVE_COMPILATION_CONDITIONS = DEBUG;
				SWIFT_OPTIMIZATION_LEVEL = "-Onone";
			};
			name = Debug;
		};
		DD1EA6481E0CA41D0034C54B /* Release */ = {
			isa = XCBuildConfiguration;
			buildSettings = {
				ALWAYS_SEARCH_USER_PATHS = NO;
				CLANG_ANALYZER_NONNULL = YES;
				CLANG_CXX_LANGUAGE_STANDARD = "gnu++0x";
				CLANG_CXX_LIBRARY = "libc++";
				CLANG_ENABLE_MODULES = YES;
				CLANG_ENABLE_OBJC_ARC = YES;
				CLANG_WARN_BOOL_CONVERSION = YES;
				CLANG_WARN_CONSTANT_CONVERSION = YES;
				CLANG_WARN_DIRECT_OBJC_ISA_USAGE = YES_ERROR;
				CLANG_WARN_DOCUMENTATION_COMMENTS = YES;
				CLANG_WARN_EMPTY_BODY = YES;
				CLANG_WARN_ENUM_CONVERSION = YES;
				CLANG_WARN_INFINITE_RECURSION = YES;
				CLANG_WARN_INT_CONVERSION = YES;
				CLANG_WARN_OBJC_ROOT_CLASS = YES_ERROR;
				CLANG_WARN_SUSPICIOUS_MOVE = YES;
				CLANG_WARN_UNREACHABLE_CODE = YES;
				CLANG_WARN__DUPLICATE_METHOD_MATCH = YES;
				"CODE_SIGN_IDENTITY[sdk=iphoneos*]" = "iPhone Developer";
				COPY_PHASE_STRIP = NO;
				DEBUG_INFORMATION_FORMAT = "dwarf-with-dsym";
				ENABLE_NS_ASSERTIONS = NO;
				ENABLE_STRICT_OBJC_MSGSEND = YES;
				GCC_C_LANGUAGE_STANDARD = gnu99;
				GCC_NO_COMMON_BLOCKS = YES;
				GCC_WARN_64_TO_32_BIT_CONVERSION = YES;
				GCC_WARN_ABOUT_RETURN_TYPE = YES_ERROR;
				GCC_WARN_UNDECLARED_SELECTOR = YES;
				GCC_WARN_UNINITIALIZED_AUTOS = YES_AGGRESSIVE;
				GCC_WARN_UNUSED_FUNCTION = YES;
				GCC_WARN_UNUSED_VARIABLE = YES;
				IPHONEOS_DEPLOYMENT_TARGET = 10.2;
				MTL_ENABLE_DEBUG_INFO = NO;
				SDKROOT = iphoneos;
				SWIFT_OPTIMIZATION_LEVEL = "-Owholemodule";
				VALIDATE_PRODUCT = YES;
			};
			name = Release;
		};
		DD1EA64A1E0CA41D0034C54B /* Debug */ = {
			isa = XCBuildConfiguration;
			baseConfigurationReference = 4E019349C32B54A0147D1EA6 /* Pods-Keep.debug.xcconfig */;
			buildSettings = {
				ALWAYS_EMBED_SWIFT_STANDARD_LIBRARIES = YES;
				ASSETCATALOG_COMPILER_APPICON_NAME = AppIcon;
				DEVELOPMENT_TEAM = B5EG3G83GE;
				INFOPLIST_FILE = Keep/Info.plist;
				LD_RUNPATH_SEARCH_PATHS = "$(inherited) @executable_path/Frameworks";
				PRODUCT_BUNDLE_IDENTIFIER = com.mimicatcodes.Keep;
				PRODUCT_NAME = "$(TARGET_NAME)";
				SWIFT_VERSION = 3.0;
			};
			name = Debug;
		};
		DD1EA64B1E0CA41D0034C54B /* Release */ = {
			isa = XCBuildConfiguration;
			baseConfigurationReference = F17A8080E837D95CDFD38B65 /* Pods-Keep.release.xcconfig */;
			buildSettings = {
				ALWAYS_EMBED_SWIFT_STANDARD_LIBRARIES = YES;
				ASSETCATALOG_COMPILER_APPICON_NAME = AppIcon;
				DEVELOPMENT_TEAM = B5EG3G83GE;
				INFOPLIST_FILE = Keep/Info.plist;
				LD_RUNPATH_SEARCH_PATHS = "$(inherited) @executable_path/Frameworks";
				PRODUCT_BUNDLE_IDENTIFIER = com.mimicatcodes.Keep;
				PRODUCT_NAME = "$(TARGET_NAME)";
				SWIFT_VERSION = 3.0;
			};
			name = Release;
		};
/* End XCBuildConfiguration section */

/* Begin XCConfigurationList section */
		DD1EA62F1E0CA41D0034C54B /* Build configuration list for PBXProject "Keep" */ = {
			isa = XCConfigurationList;
			buildConfigurations = (
				DD1EA6471E0CA41D0034C54B /* Debug */,
				DD1EA6481E0CA41D0034C54B /* Release */,
			);
			defaultConfigurationIsVisible = 0;
			defaultConfigurationName = Release;
		};
		DD1EA6491E0CA41D0034C54B /* Build configuration list for PBXNativeTarget "Keep" */ = {
			isa = XCConfigurationList;
			buildConfigurations = (
				DD1EA64A1E0CA41D0034C54B /* Debug */,
				DD1EA64B1E0CA41D0034C54B /* Release */,
			);
			defaultConfigurationIsVisible = 0;
			defaultConfigurationName = Release;
		};
/* End XCConfigurationList section */
	};
	rootObject = DD1EA62C1E0CA41D0034C54B /* Project object */;
}
